
Microsoft Visual Studio Solution File, Format Version 12.00
# Visual Studio 15
VisualStudioVersion = 15.0.28307.421
MinimumVisualStudioVersion = 10.0.40219.1
Project("{FAE04EC0-301F-11D3-BF4B-00C04F79EFBC}") = "Division2Sprinter", "Division2Sprinter\Division2Sprinter.csproj", "{4E78E5D0-9108-48E3-B64F-5CD967F48728}"
EndProject
Global
	GlobalSection(SolutionConfigurationPlatforms) = preSolution
		Debug|Any CPU = Debug|Any CPU
		Release|Any CPU = Release|Any CPU
	EndGlobalSection
	GlobalSection(ProjectConfigurationPlatforms) = postSolution
		{4E78E5D0-9108-48E3-B64F-5CD967F48728}.Debug|Any CPU.ActiveCfg = Debug|Any CPU
		{4E78E5D0-9108-48E3-B64F-5CD967F48728}.Debug|Any CPU.Build.0 = Debug|Any CPU
		{4E78E5D0-9108-48E3-B64F-5CD967F48728}.Release|Any CPU.ActiveCfg = Release|Any CPU
		{4E78E5D0-9108-48E3-B64F-5CD967F48728}.Release|Any CPU.Build.0 = Release|Any CPU
	EndGlobalSection
	GlobalSection(SolutionProperties) = preSolution
		HideSolutionNode = FALSE
	EndGlobalSection
	GlobalSection(ExtensibilityGlobals) = postSolution
		SolutionGuid = {4EC892FD-D79D-4B1F-AFD6-650765B4FE7B}
	EndGlobalSection
EndGlobal
